{
  "version": 4,
  "terraform_version": "1.1.9",
  "serial": 19,
  "lineage": "f198b836-e90c-b012-3910-3c76e62f98ae",
  "outputs": {},
  "resources": [
    {
      "mode": "managed",
      "type": "aws_vpc",
      "name": "main",
      "provider": "provider[\"registry.terraform.io/hashicorp/aws\"]",
      "instances": [
        {
          "schema_version": 1,
          "attributes": {
            "arn": "arn:aws:ec2:us-east-1:698415300126:vpc/vpc-0f0c7a00ab031fa65",
            "assign_generated_ipv6_cidr_block": true,
            "cidr_block": "10.255.0.0/20",
            "default_network_acl_id": "acl-047e51b93f5a2ddc0",
            "default_route_table_id": "rtb-0465a61557f0390c6",
            "default_security_group_id": "sg-0e28970e5b98b616b",
            "dhcp_options_id": "dopt-0d74ffbdc72266986",
            "enable_classiclink": false,
            "enable_classiclink_dns_support": false,
            "enable_dns_hostnames": true,
            "enable_dns_support": true,
            "id": "vpc-0f0c7a00ab031fa65",
            "instance_tenancy": "default",
            "ipv4_ipam_pool_id": null,
            "ipv4_netmask_length": null,
            "ipv6_association_id": "vpc-cidr-assoc-016a4b5fd79d27e4c",
            "ipv6_cidr_block": "2600:1f18:1750:9700::/56",
            "ipv6_cidr_block_network_border_group": "us-east-1",
            "ipv6_ipam_pool_id": "",
            "ipv6_netmask_length": 0,
            "main_route_table_id": "rtb-0465a61557f0390c6",
            "owner_id": "698415300126",
            "tags": {
              "Name": "terraform_aws_vpc"
            },
            "tags_all": {
              "Name": "terraform_aws_vpc",
              "primary_owner": "Harsh Goel",
              "secondary_owner": "Arjun Goel"
            }
          },
          "sensitive_attributes": [],
          "private": "eyJzY2hlbWFfdmVyc2lvbiI6IjEifQ=="
        }
      ]
    }
  ]
}
